
Microsoft Visual Studio Solution File, Format Version 12.00
# Visual Studio Version 16
VisualStudioVersion = 16.0.28803.156
MinimumVisualStudioVersion = 10.0.40219.1
Project("{9A19103F-16F7-4668-BE54-9A1E7A4F7556}") = "Enterprise.Models", "Enterprise.Models\Enterprise.Models.csproj", "{1A788968-2174-407E-AA9E-458922875C96}"
EndProject
Project("{9A19103F-16F7-4668-BE54-9A1E7A4F7556}") = "Enterprise.DAL", "Enterprise.DAL\Enterprise.DAL.csproj", "{3CEBC876-D8ED-4635-8D8D-0E62FA1ED9B3}"
EndProject
Project("{9A19103F-16F7-4668-BE54-9A1E7A4F7556}") = "Enterprise.DTO", "Enterprise.DTO\Enterprise.DTO.csproj", "{15D53BAB-1E6A-4FA5-8ABB-55A6EC4339C1}"
EndProject
Project("{9A19103F-16F7-4668-BE54-9A1E7A4F7556}") = "Enterprise.Services", "Enterprise.Services\Enterprise.Services.csproj", "{985A4E0F-767D-4BF4-9CE4-D67E6B16137B}"
EndProject
Project("{9A19103F-16F7-4668-BE54-9A1E7A4F7556}") = "EnterpriseWebApi", "EnterpriseWebapi\EnterpriseWebApi.csproj", "{0655580A-1712-4EA0-91D6-3A8C6531C223}"
EndProject
Global
	GlobalSection(SolutionConfigurationPlatforms) = preSolution
		Debug|Any CPU = Debug|Any CPU
		Release|Any CPU = Release|Any CPU
	EndGlobalSection
	GlobalSection(ProjectConfigurationPlatforms) = postSolution
		{1A788968-2174-407E-AA9E-458922875C96}.Debug|Any CPU.ActiveCfg = Debug|Any CPU
		{1A788968-2174-407E-AA9E-458922875C96}.Debug|Any CPU.Build.0 = Debug|Any CPU
		{1A788968-2174-407E-AA9E-458922875C96}.Release|Any CPU.ActiveCfg = Release|Any CPU
		{1A788968-2174-407E-AA9E-458922875C96}.Release|Any CPU.Build.0 = Release|Any CPU
		{3CEBC876-D8ED-4635-8D8D-0E62FA1ED9B3}.Debug|Any CPU.ActiveCfg = Debug|Any CPU
		{3CEBC876-D8ED-4635-8D8D-0E62FA1ED9B3}.Debug|Any CPU.Build.0 = Debug|Any CPU
		{3CEBC876-D8ED-4635-8D8D-0E62FA1ED9B3}.Release|Any CPU.ActiveCfg = Release|Any CPU
		{3CEBC876-D8ED-4635-8D8D-0E62FA1ED9B3}.Release|Any CPU.Build.0 = Release|Any CPU
		{15D53BAB-1E6A-4FA5-8ABB-55A6EC4339C1}.Debug|Any CPU.ActiveCfg = Debug|Any CPU
		{15D53BAB-1E6A-4FA5-8ABB-55A6EC4339C1}.Debug|Any CPU.Build.0 = Debug|Any CPU
		{15D53BAB-1E6A-4FA5-8ABB-55A6EC4339C1}.Release|Any CPU.ActiveCfg = Release|Any CPU
		{15D53BAB-1E6A-4FA5-8ABB-55A6EC4339C1}.Release|Any CPU.Build.0 = Release|Any CPU
		{985A4E0F-767D-4BF4-9CE4-D67E6B16137B}.Debug|Any CPU.ActiveCfg = Debug|Any CPU
		{985A4E0F-767D-4BF4-9CE4-D67E6B16137B}.Debug|Any CPU.Build.0 = Debug|Any CPU
		{985A4E0F-767D-4BF4-9CE4-D67E6B16137B}.Release|Any CPU.ActiveCfg = Release|Any CPU
		{985A4E0F-767D-4BF4-9CE4-D67E6B16137B}.Release|Any CPU.Build.0 = Release|Any CPU
		{0655580A-1712-4EA0-91D6-3A8C6531C223}.Debug|Any CPU.ActiveCfg = Debug|Any CPU
		{0655580A-1712-4EA0-91D6-3A8C6531C223}.Debug|Any CPU.Build.0 = Debug|Any CPU
		{0655580A-1712-4EA0-91D6-3A8C6531C223}.Release|Any CPU.ActiveCfg = Release|Any CPU
		{0655580A-1712-4EA0-91D6-3A8C6531C223}.Release|Any CPU.Build.0 = Release|Any CPU
	EndGlobalSection
	GlobalSection(SolutionProperties) = preSolution
		HideSolutionNode = FALSE
	EndGlobalSection
	GlobalSection(ExtensibilityGlobals) = postSolution
		SolutionGuid = {2CC59F78-4D68-48F7-8964-3C726475431F}
	EndGlobalSection
EndGlobal
